
Microsoft Visual Studio Solution File, Format Version 12.00
Project("{FAE04EC0-301F-11D3-BF4B-00C04F79EFBC}") = "FinanceManager.TransactionsService.API", "FinanceManager.TransactionsService.API\FinanceManager.TransactionsService.API.csproj", "{7D3A216C-D2E9-4BF2-A3FF-F83B2419FE4A}"
EndProject
Project("{FAE04EC0-301F-11D3-BF4B-00C04F79EFBC}") = "FinanceManager.TransactionsService.Domain", "FinanceManager.TransactionsService.Domain\FinanceManager.TransactionsService.Domain.csproj", "{57EEE920-BDBB-4DA9-BDB2-56EDFDA9D691}"
EndProject
Project("{FAE04EC0-301F-11D3-BF4B-00C04F79EFBC}") = "FinanceManager.TransactionsService.Contracts", "FinanceManager.TransactionsService.Contracts\FinanceManager.TransactionsService.Contracts.csproj", "{18FE2C58-15E1-46DF-82BA-FA17653F0063}"
EndProject
Project("{FAE04EC0-301F-11D3-BF4B-00C04F79EFBC}") = "FinanceManager.TransactionsService.Abstractions", "FinanceManager.TransactionsService.Abstractions\FinanceManager.TransactionsService.Abstractions.csproj", "{264BCAC2-C852-48C1-8465-AEF88A05BC7A}"
EndProject
Project("{FAE04EC0-301F-11D3-BF4B-00C04F79EFBC}") = "FinanceManager.TransactionsService.Implementations", "FinanceManager.TransactionsService.Implementations\FinanceManager.TransactionsService.Implementations.csproj", "{5F4C6CE4-0455-4F72-9426-A040071456AD}"
EndProject
Project("{FAE04EC0-301F-11D3-BF4B-00C04F79EFBC}") = "FinanceManager.TransactionsService.Implementations", "FinanceManager.TransactionsService.Implementations\FinanceManager.TransactionsService.Implementations.csproj", "{52433DB1-8D7D-4127-BF80-C140616A07A0}"
EndProject
Global
	GlobalSection(SolutionConfigurationPlatforms) = preSolution
		Debug|Any CPU = Debug|Any CPU
		Release|Any CPU = Release|Any CPU
	EndGlobalSection
	GlobalSection(ProjectConfigurationPlatforms) = postSolution
		{7D3A216C-D2E9-4BF2-A3FF-F83B2419FE4A}.Debug|Any CPU.ActiveCfg = Debug|Any CPU
		{7D3A216C-D2E9-4BF2-A3FF-F83B2419FE4A}.Debug|Any CPU.Build.0 = Debug|Any CPU
		{7D3A216C-D2E9-4BF2-A3FF-F83B2419FE4A}.Release|Any CPU.ActiveCfg = Release|Any CPU
		{7D3A216C-D2E9-4BF2-A3FF-F83B2419FE4A}.Release|Any CPU.Build.0 = Release|Any CPU
		{57EEE920-BDBB-4DA9-BDB2-56EDFDA9D691}.Debug|Any CPU.ActiveCfg = Debug|Any CPU
		{57EEE920-BDBB-4DA9-BDB2-56EDFDA9D691}.Debug|Any CPU.Build.0 = Debug|Any CPU
		{57EEE920-BDBB-4DA9-BDB2-56EDFDA9D691}.Release|Any CPU.ActiveCfg = Release|Any CPU
		{57EEE920-BDBB-4DA9-BDB2-56EDFDA9D691}.Release|Any CPU.Build.0 = Release|Any CPU
		{18FE2C58-15E1-46DF-82BA-FA17653F0063}.Debug|Any CPU.ActiveCfg = Debug|Any CPU
		{18FE2C58-15E1-46DF-82BA-FA17653F0063}.Debug|Any CPU.Build.0 = Debug|Any CPU
		{18FE2C58-15E1-46DF-82BA-FA17653F0063}.Release|Any CPU.ActiveCfg = Release|Any CPU
		{18FE2C58-15E1-46DF-82BA-FA17653F0063}.Release|Any CPU.Build.0 = Release|Any CPU
		{264BCAC2-C852-48C1-8465-AEF88A05BC7A}.Debug|Any CPU.ActiveCfg = Debug|Any CPU
		{264BCAC2-C852-48C1-8465-AEF88A05BC7A}.Debug|Any CPU.Build.0 = Debug|Any CPU
		{264BCAC2-C852-48C1-8465-AEF88A05BC7A}.Release|Any CPU.ActiveCfg = Release|Any CPU
		{264BCAC2-C852-48C1-8465-AEF88A05BC7A}.Release|Any CPU.Build.0 = Release|Any CPU
		{5F4C6CE4-0455-4F72-9426-A040071456AD}.Debug|Any CPU.ActiveCfg = Debug|Any CPU
		{5F4C6CE4-0455-4F72-9426-A040071456AD}.Debug|Any CPU.Build.0 = Debug|Any CPU
		{5F4C6CE4-0455-4F72-9426-A040071456AD}.Release|Any CPU.ActiveCfg = Release|Any CPU
		{5F4C6CE4-0455-4F72-9426-A040071456AD}.Release|Any CPU.Build.0 = Release|Any CPU
		{52433DB1-8D7D-4127-BF80-C140616A07A0}.Debug|Any CPU.ActiveCfg = Debug|Any CPU
    	{52433DB1-8D7D-4127-BF80-C140616A07A0}.Debug|Any CPU.Build.0 = Debug|Any CPU
    	{52433DB1-8D7D-4127-BF80-C140616A07A0}.Release|Any CPU.ActiveCfg = Release|Any CPU
    	{52433DB1-8D7D-4127-BF80-C140616A07A0}.Release|Any CPU.Build.0 = Release|Any CPU

	EndGlobalSection
EndGlobal
