
Microsoft Visual Studio Solution File, Format Version 12.00
# Visual Studio Version 17
VisualStudioVersion = 17.10.35122.118
MinimumVisualStudioVersion = 10.0.40219.1
Project("{9A19103F-16F7-4668-BE54-9A1E7A4F7556}") = "FinanceManager.UserService.API", "FinanceManager.UserService.API\FinanceManager.UserService.API.csproj", "{998EE10E-2F09-41DA-9E36-26062A222DA6}"
EndProject
Project("{9A19103F-16F7-4668-BE54-9A1E7A4F7556}") = "FinanceManager.UserService.Domain", "FinanceManager.UserService.Domain\FinanceManager.UserService.Domain.csproj", "{2FDF0F0E-B4F8-4C9D-953F-6EC7EEAF8607}"
EndProject
Project("{2150E333-8FDC-42A3-9474-1A3956D46DE8}") = "Application", "Application", "{09DCE54C-69A1-4AB2-A050-B9377617AF5F}"
EndProject
Project("{9A19103F-16F7-4668-BE54-9A1E7A4F7556}") = "FinanceManager.UserService.Contracts", "FinanceManager.UserService.Contracts\FinanceManager.UserService.Contracts.csproj", "{4105822D-DC73-4F0A-B600-1584397C97A7}"
EndProject
Project("{FAE04EC0-301F-11D3-BF4B-00C04F79EFBC}") = "FinanceManager.UserService.Abstractions", "FinanceManager.UserService.Abstractions\FinanceManager.UserService.Abstractions.csproj", "{AE346022-C966-4AEB-8F94-A8DED0C0FDE8}"
EndProject
Global
	GlobalSection(SolutionConfigurationPlatforms) = preSolution
		Debug|Any CPU = Debug|Any CPU
		Release|Any CPU = Release|Any CPU
	EndGlobalSection
	GlobalSection(ProjectConfigurationPlatforms) = postSolution
		{998EE10E-2F09-41DA-9E36-26062A222DA6}.Debug|Any CPU.ActiveCfg = Debug|Any CPU
		{998EE10E-2F09-41DA-9E36-26062A222DA6}.Debug|Any CPU.Build.0 = Debug|Any CPU
		{998EE10E-2F09-41DA-9E36-26062A222DA6}.Release|Any CPU.ActiveCfg = Release|Any CPU
		{998EE10E-2F09-41DA-9E36-26062A222DA6}.Release|Any CPU.Build.0 = Release|Any CPU
		{2FDF0F0E-B4F8-4C9D-953F-6EC7EEAF8607}.Debug|Any CPU.ActiveCfg = Debug|Any CPU
		{2FDF0F0E-B4F8-4C9D-953F-6EC7EEAF8607}.Debug|Any CPU.Build.0 = Debug|Any CPU
		{2FDF0F0E-B4F8-4C9D-953F-6EC7EEAF8607}.Release|Any CPU.ActiveCfg = Release|Any CPU
		{2FDF0F0E-B4F8-4C9D-953F-6EC7EEAF8607}.Release|Any CPU.Build.0 = Release|Any CPU
		{4105822D-DC73-4F0A-B600-1584397C97A7}.Debug|Any CPU.ActiveCfg = Debug|Any CPU
		{4105822D-DC73-4F0A-B600-1584397C97A7}.Debug|Any CPU.Build.0 = Debug|Any CPU
		{4105822D-DC73-4F0A-B600-1584397C97A7}.Release|Any CPU.ActiveCfg = Release|Any CPU
		{4105822D-DC73-4F0A-B600-1584397C97A7}.Release|Any CPU.Build.0 = Release|Any CPU
		{AE346022-C966-4AEB-8F94-A8DED0C0FDE8}.Debug|Any CPU.ActiveCfg = Debug|Any CPU
		{AE346022-C966-4AEB-8F94-A8DED0C0FDE8}.Debug|Any CPU.Build.0 = Debug|Any CPU
		{AE346022-C966-4AEB-8F94-A8DED0C0FDE8}.Release|Any CPU.ActiveCfg = Release|Any CPU
		{AE346022-C966-4AEB-8F94-A8DED0C0FDE8}.Release|Any CPU.Build.0 = Release|Any CPU
	EndGlobalSection
	GlobalSection(SolutionProperties) = preSolution
		HideSolutionNode = FALSE
	EndGlobalSection
	GlobalSection(NestedProjects) = preSolution
		{4105822D-DC73-4F0A-B600-1584397C97A7} = {09DCE54C-69A1-4AB2-A050-B9377617AF5F}
		{AE346022-C966-4AEB-8F94-A8DED0C0FDE8} = {09DCE54C-69A1-4AB2-A050-B9377617AF5F}
	EndGlobalSection
	GlobalSection(ExtensibilityGlobals) = postSolution
		SolutionGuid = {F23DF9A5-1B16-4457-A4EF-17C60495C29B}
	EndGlobalSection
EndGlobal
